
Microsoft Visual Studio Solution File, Format Version 12.00
# Visual Studio Version 17
VisualStudioVersion = 17.4.33110.190
MinimumVisualStudioVersion = 10.0.40219.1
Project("{FAE04EC0-301F-11D3-BF4B-00C04F79EFBC}") = "GraphV5Sample", "GraphV5Sample.csproj", "{B8DA288C-44D8-480D-8726-0CB2F595514B}"
EndProject
Global
	GlobalSection(SolutionConfigurationPlatforms) = preSolution
		Debug|Any CPU = Debug|Any CPU
		Release|Any CPU = Release|Any CPU
	EndGlobalSection
	GlobalSection(ProjectConfigurationPlatforms) = postSolution
		{B8DA288C-44D8-480D-8726-0CB2F595514B}.Debug|Any CPU.ActiveCfg = Debug|Any CPU
		{B8DA288C-44D8-480D-8726-0CB2F595514B}.Debug|Any CPU.Build.0 = Debug|Any CPU
		{B8DA288C-44D8-480D-8726-0CB2F595514B}.Release|Any CPU.ActiveCfg = Release|Any CPU
		{B8DA288C-44D8-480D-8726-0CB2F595514B}.Release|Any CPU.Build.0 = Release|Any CPU
	EndGlobalSection
	GlobalSection(SolutionProperties) = preSolution
		HideSolutionNode = FALSE
	EndGlobalSection
	GlobalSection(ExtensibilityGlobals) = postSolution
		SolutionGuid = {7E8F23C3-CC29-478F-94BF-42D3747A3B47}
	EndGlobalSection
EndGlobal
